
Microsoft Visual Studio Solution File, Format Version 12.00
# Visual Studio 14
VisualStudioVersion = 14.0.25420.1
MinimumVisualStudioVersion = 10.0.40219.1
Project("{FAE04EC0-301F-11D3-BF4B-00C04F79EFBC}") = "OrniscientTest", "OrniscientTest\OrniscientTest.csproj", "{9AF2ABEC-83D6-429B-ABF2-9B92F66C0CDE}"
EndProject
Global
	GlobalSection(SolutionConfigurationPlatforms) = preSolution
		Debug|Any CPU = Debug|Any CPU
		Release|Any CPU = Release|Any CPU
	EndGlobalSection
	GlobalSection(ProjectConfigurationPlatforms) = postSolution
		{9AF2ABEC-83D6-429B-ABF2-9B92F66C0CDE}.Debug|Any CPU.ActiveCfg = Debug|Any CPU
		{9AF2ABEC-83D6-429B-ABF2-9B92F66C0CDE}.Debug|Any CPU.Build.0 = Debug|Any CPU
		{9AF2ABEC-83D6-429B-ABF2-9B92F66C0CDE}.Release|Any CPU.ActiveCfg = Release|Any CPU
		{9AF2ABEC-83D6-429B-ABF2-9B92F66C0CDE}.Release|Any CPU.Build.0 = Release|Any CPU
	EndGlobalSection
	GlobalSection(SolutionProperties) = preSolution
		HideSolutionNode = FALSE
	EndGlobalSection
EndGlobal
